
Microsoft Visual Studio Solution File, Format Version 12.00
# Visual Studio Version 17
VisualStudioVersion = 17.0.31903.59
MinimumVisualStudioVersion = 10.0.40219.1
Project("{FAE04EC0-301F-11D3-BF4B-00C04F79EFBC}") = "AzurePipelinesPOC", "src\AzurePipelinesPOC.csproj", "{224306F7-B017-46A4-82B8-4338F999BED1}"
EndProject
Project("{FAE04EC0-301F-11D3-BF4B-00C04F79EFBC}") = "AzurePipelinesPOCTests", "tests\AzurePipelinesPOCTests.csproj", "{9B5850A0-4065-4EC9-9CCF-EECECB3AAA78}"
EndProject
Global
	GlobalSection(SolutionConfigurationPlatforms) = preSolution
		Debug|Any CPU = Debug|Any CPU
		Release|Any CPU = Release|Any CPU
	EndGlobalSection
	GlobalSection(SolutionProperties) = preSolution
		HideSolutionNode = FALSE
	EndGlobalSection
	GlobalSection(ProjectConfigurationPlatforms) = postSolution
		{224306F7-B017-46A4-82B8-4338F999BED1}.Debug|Any CPU.ActiveCfg = Debug|Any CPU
		{224306F7-B017-46A4-82B8-4338F999BED1}.Debug|Any CPU.Build.0 = Debug|Any CPU
		{224306F7-B017-46A4-82B8-4338F999BED1}.Release|Any CPU.ActiveCfg = Release|Any CPU
		{224306F7-B017-46A4-82B8-4338F999BED1}.Release|Any CPU.Build.0 = Release|Any CPU
		{9B5850A0-4065-4EC9-9CCF-EECECB3AAA78}.Debug|Any CPU.ActiveCfg = Debug|Any CPU
		{9B5850A0-4065-4EC9-9CCF-EECECB3AAA78}.Debug|Any CPU.Build.0 = Debug|Any CPU
		{9B5850A0-4065-4EC9-9CCF-EECECB3AAA78}.Release|Any CPU.ActiveCfg = Release|Any CPU
		{9B5850A0-4065-4EC9-9CCF-EECECB3AAA78}.Release|Any CPU.Build.0 = Release|Any CPU
	EndGlobalSection
EndGlobal
